
Microsoft Visual Studio Solution File, Format Version 12.00
# Visual Studio Version 17
VisualStudioVersion = 17.7.34024.191
MinimumVisualStudioVersion = 10.0.40219.1
Project("{FAE04EC0-301F-11D3-BF4B-00C04F79EFBC}") = "Queue", "Qveve\Queue.csproj", "{6C9F32B5-7723-40FD-B83F-DB3FA625BF01}"
EndProject
Global
	GlobalSection(SolutionConfigurationPlatforms) = preSolution
		Debug|Any CPU = Debug|Any CPU
		Release|Any CPU = Release|Any CPU
	EndGlobalSection
	GlobalSection(ProjectConfigurationPlatforms) = postSolution
		{6C9F32B5-7723-40FD-B83F-DB3FA625BF01}.Debug|Any CPU.ActiveCfg = Debug|Any CPU
		{6C9F32B5-7723-40FD-B83F-DB3FA625BF01}.Debug|Any CPU.Build.0 = Debug|Any CPU
		{6C9F32B5-7723-40FD-B83F-DB3FA625BF01}.Release|Any CPU.ActiveCfg = Release|Any CPU
		{6C9F32B5-7723-40FD-B83F-DB3FA625BF01}.Release|Any CPU.Build.0 = Release|Any CPU
	EndGlobalSection
	GlobalSection(SolutionProperties) = preSolution
		HideSolutionNode = FALSE
	EndGlobalSection
	GlobalSection(ExtensibilityGlobals) = postSolution
		SolutionGuid = {51487BE9-9471-410B-820A-AC567748EA36}
	EndGlobalSection
EndGlobal
